
Microsoft Visual Studio Solution File, Format Version 12.00
# Visual Studio Version 16
VisualStudioVersion = 16.0.31424.327
MinimumVisualStudioVersion = 10.0.40219.1
Project("{9A19103F-16F7-4668-BE54-9A1E7A4F7556}") = "GestiPlus", "GestiPlus\GestiPlus.csproj", "{A1EC8F14-254B-4561-9A8A-EE8BB040FF28}"
EndProject
Project("{9A19103F-16F7-4668-BE54-9A1E7A4F7556}") = "GestiPlus.Database", "GestiPlus.Database\GestiPlus.Database.csproj", "{490A3266-8701-45BA-B47E-4CEBCA2DAFD9}"
EndProject
Project("{9A19103F-16F7-4668-BE54-9A1E7A4F7556}") = "GestiPlus.Security", "GestiPlus.Security\GestiPlus.Security.csproj", "{749D55F3-DE76-4569-9EE2-67B243C53AA6}"
EndProject
Project("{9A19103F-16F7-4668-BE54-9A1E7A4F7556}") = "GestiPlus.Session", "GestiPlus.Session\GestiPlus.Session.csproj", "{822F72FD-4887-41FF-8F99-EFF2F9EA3469}"
EndProject
Project("{9A19103F-16F7-4668-BE54-9A1E7A4F7556}") = "GestiPlus.Utils", "GestiPlus.Utils\GestiPlus.Utils.csproj", "{710EDFE4-929B-45A7-B1B9-A5EA94E4A5D9}"
EndProject
Project("{29E15B7A-B420-4782-B51D-1BE2F663A160}") = "GestiPlusSetup", "GestiPlusSetup\GestiPlusSetup.innoproj", "{E57455A0-5060-4985-87B3-980E78AB8950}"
EndProject
Project("{2150E333-8FDC-42A3-9474-1A3956D46DE8}") = "Solution Items", "Solution Items", "{DD3BF923-C9FD-4923-B2D9-21C99BFADB9B}"
EndProject
Global
	GlobalSection(SolutionConfigurationPlatforms) = preSolution
		All|Any CPU = All|Any CPU
		All|x64 = All|x64
		All|x86 = All|x86
		Debug|Any CPU = Debug|Any CPU
		Debug|x64 = Debug|x64
		Debug|x86 = Debug|x86
		DefaultBuild|Any CPU = DefaultBuild|Any CPU
		DefaultBuild|x64 = DefaultBuild|x64
		DefaultBuild|x86 = DefaultBuild|x86
		Release|Any CPU = Release|Any CPU
		Release|x64 = Release|x64
		Release|x86 = Release|x86
	EndGlobalSection
	GlobalSection(ProjectConfigurationPlatforms) = postSolution
		{A1EC8F14-254B-4561-9A8A-EE8BB040FF28}.All|Any CPU.ActiveCfg = Release|Any CPU
		{A1EC8F14-254B-4561-9A8A-EE8BB040FF28}.All|Any CPU.Build.0 = Release|Any CPU
		{A1EC8F14-254B-4561-9A8A-EE8BB040FF28}.All|x64.ActiveCfg = Debug|x64
		{A1EC8F14-254B-4561-9A8A-EE8BB040FF28}.All|x64.Build.0 = Debug|x64
		{A1EC8F14-254B-4561-9A8A-EE8BB040FF28}.All|x86.ActiveCfg = Debug|Any CPU
		{A1EC8F14-254B-4561-9A8A-EE8BB040FF28}.All|x86.Build.0 = Debug|Any CPU
		{A1EC8F14-254B-4561-9A8A-EE8BB040FF28}.Debug|Any CPU.ActiveCfg = Debug|Any CPU
		{A1EC8F14-254B-4561-9A8A-EE8BB040FF28}.Debug|Any CPU.Build.0 = Debug|Any CPU
		{A1EC8F14-254B-4561-9A8A-EE8BB040FF28}.Debug|x64.ActiveCfg = Debug|x64
		{A1EC8F14-254B-4561-9A8A-EE8BB040FF28}.Debug|x64.Build.0 = Debug|x64
		{A1EC8F14-254B-4561-9A8A-EE8BB040FF28}.Debug|x86.ActiveCfg = Debug|Any CPU
		{A1EC8F14-254B-4561-9A8A-EE8BB040FF28}.Debug|x86.Build.0 = Debug|Any CPU
		{A1EC8F14-254B-4561-9A8A-EE8BB040FF28}.DefaultBuild|Any CPU.ActiveCfg = Debug|Any CPU
		{A1EC8F14-254B-4561-9A8A-EE8BB040FF28}.DefaultBuild|Any CPU.Build.0 = Debug|Any CPU
		{A1EC8F14-254B-4561-9A8A-EE8BB040FF28}.DefaultBuild|x64.ActiveCfg = Debug|x64
		{A1EC8F14-254B-4561-9A8A-EE8BB040FF28}.DefaultBuild|x64.Build.0 = Debug|x64
		{A1EC8F14-254B-4561-9A8A-EE8BB040FF28}.DefaultBuild|x86.ActiveCfg = Debug|Any CPU
		{A1EC8F14-254B-4561-9A8A-EE8BB040FF28}.DefaultBuild|x86.Build.0 = Debug|Any CPU
		{A1EC8F14-254B-4561-9A8A-EE8BB040FF28}.Release|Any CPU.ActiveCfg = Release|Any CPU
		{A1EC8F14-254B-4561-9A8A-EE8BB040FF28}.Release|Any CPU.Build.0 = Release|Any CPU
		{A1EC8F14-254B-4561-9A8A-EE8BB040FF28}.Release|x64.ActiveCfg = Release|x64
		{A1EC8F14-254B-4561-9A8A-EE8BB040FF28}.Release|x64.Build.0 = Release|x64
		{A1EC8F14-254B-4561-9A8A-EE8BB040FF28}.Release|x86.ActiveCfg = Release|Any CPU
		{A1EC8F14-254B-4561-9A8A-EE8BB040FF28}.Release|x86.Build.0 = Release|Any CPU
		{490A3266-8701-45BA-B47E-4CEBCA2DAFD9}.All|Any CPU.ActiveCfg = Release|Any CPU
		{490A3266-8701-45BA-B47E-4CEBCA2DAFD9}.All|Any CPU.Build.0 = Release|Any CPU
		{490A3266-8701-45BA-B47E-4CEBCA2DAFD9}.All|x64.ActiveCfg = Debug|x64
		{490A3266-8701-45BA-B47E-4CEBCA2DAFD9}.All|x64.Build.0 = Debug|x64
		{490A3266-8701-45BA-B47E-4CEBCA2DAFD9}.All|x86.ActiveCfg = Debug|Any CPU
		{490A3266-8701-45BA-B47E-4CEBCA2DAFD9}.All|x86.Build.0 = Debug|Any CPU
		{490A3266-8701-45BA-B47E-4CEBCA2DAFD9}.Debug|Any CPU.ActiveCfg = Debug|Any CPU
		{490A3266-8701-45BA-B47E-4CEBCA2DAFD9}.Debug|Any CPU.Build.0 = Debug|Any CPU
		{490A3266-8701-45BA-B47E-4CEBCA2DAFD9}.Debug|x64.ActiveCfg = Debug|x64
		{490A3266-8701-45BA-B47E-4CEBCA2DAFD9}.Debug|x64.Build.0 = Debug|x64
		{490A3266-8701-45BA-B47E-4CEBCA2DAFD9}.Debug|x86.ActiveCfg = Debug|Any CPU
		{490A3266-8701-45BA-B47E-4CEBCA2DAFD9}.Debug|x86.Build.0 = Debug|Any CPU
		{490A3266-8701-45BA-B47E-4CEBCA2DAFD9}.DefaultBuild|Any CPU.ActiveCfg = Debug|Any CPU
		{490A3266-8701-45BA-B47E-4CEBCA2DAFD9}.DefaultBuild|Any CPU.Build.0 = Debug|Any CPU
		{490A3266-8701-45BA-B47E-4CEBCA2DAFD9}.DefaultBuild|x64.ActiveCfg = Debug|x64
		{490A3266-8701-45BA-B47E-4CEBCA2DAFD9}.DefaultBuild|x64.Build.0 = Debug|x64
		{490A3266-8701-45BA-B47E-4CEBCA2DAFD9}.DefaultBuild|x86.ActiveCfg = Debug|Any CPU
		{490A3266-8701-45BA-B47E-4CEBCA2DAFD9}.DefaultBuild|x86.Build.0 = Debug|Any CPU
		{490A3266-8701-45BA-B47E-4CEBCA2DAFD9}.Release|Any CPU.ActiveCfg = Release|Any CPU
		{490A3266-8701-45BA-B47E-4CEBCA2DAFD9}.Release|Any CPU.Build.0 = Release|Any CPU
		{490A3266-8701-45BA-B47E-4CEBCA2DAFD9}.Release|x64.ActiveCfg = Release|x64
		{490A3266-8701-45BA-B47E-4CEBCA2DAFD9}.Release|x64.Build.0 = Release|x64
		{490A3266-8701-45BA-B47E-4CEBCA2DAFD9}.Release|x86.ActiveCfg = Release|Any CPU
		{490A3266-8701-45BA-B47E-4CEBCA2DAFD9}.Release|x86.Build.0 = Release|Any CPU
		{749D55F3-DE76-4569-9EE2-67B243C53AA6}.All|Any CPU.ActiveCfg = Release|Any CPU
		{749D55F3-DE76-4569-9EE2-67B243C53AA6}.All|Any CPU.Build.0 = Release|Any CPU
		{749D55F3-DE76-4569-9EE2-67B243C53AA6}.All|x64.ActiveCfg = Debug|x64
		{749D55F3-DE76-4569-9EE2-67B243C53AA6}.All|x64.Build.0 = Debug|x64
		{749D55F3-DE76-4569-9EE2-67B243C53AA6}.All|x86.ActiveCfg = Debug|Any CPU
		{749D55F3-DE76-4569-9EE2-67B243C53AA6}.All|x86.Build.0 = Debug|Any CPU
		{749D55F3-DE76-4569-9EE2-67B243C53AA6}.Debug|Any CPU.ActiveCfg = Debug|Any CPU
		{749D55F3-DE76-4569-9EE2-67B243C53AA6}.Debug|Any CPU.Build.0 = Debug|Any CPU
		{749D55F3-DE76-4569-9EE2-67B243C53AA6}.Debug|x64.ActiveCfg = Debug|x64
		{749D55F3-DE76-4569-9EE2-67B243C53AA6}.Debug|x64.Build.0 = Debug|x64
		{749D55F3-DE76-4569-9EE2-67B243C53AA6}.Debug|x86.ActiveCfg = Debug|Any CPU
		{749D55F3-DE76-4569-9EE2-67B243C53AA6}.Debug|x86.Build.0 = Debug|Any CPU
		{749D55F3-DE76-4569-9EE2-67B243C53AA6}.DefaultBuild|Any CPU.ActiveCfg = Debug|Any CPU
		{749D55F3-DE76-4569-9EE2-67B243C53AA6}.DefaultBuild|Any CPU.Build.0 = Debug|Any CPU
		{749D55F3-DE76-4569-9EE2-67B243C53AA6}.DefaultBuild|x64.ActiveCfg = Debug|x64
		{749D55F3-DE76-4569-9EE2-67B243C53AA6}.DefaultBuild|x64.Build.0 = Debug|x64
		{749D55F3-DE76-4569-9EE2-67B243C53AA6}.DefaultBuild|x86.ActiveCfg = Debug|Any CPU
		{749D55F3-DE76-4569-9EE2-67B243C53AA6}.DefaultBuild|x86.Build.0 = Debug|Any CPU
		{749D55F3-DE76-4569-9EE2-67B243C53AA6}.Release|Any CPU.ActiveCfg = Release|Any CPU
		{749D55F3-DE76-4569-9EE2-67B243C53AA6}.Release|Any CPU.Build.0 = Release|Any CPU
		{749D55F3-DE76-4569-9EE2-67B243C53AA6}.Release|x64.ActiveCfg = Release|x64
		{749D55F3-DE76-4569-9EE2-67B243C53AA6}.Release|x64.Build.0 = Release|x64
		{749D55F3-DE76-4569-9EE2-67B243C53AA6}.Release|x86.ActiveCfg = Release|Any CPU
		{749D55F3-DE76-4569-9EE2-67B243C53AA6}.Release|x86.Build.0 = Release|Any CPU
		{822F72FD-4887-41FF-8F99-EFF2F9EA3469}.All|Any CPU.ActiveCfg = Release|Any CPU
		{822F72FD-4887-41FF-8F99-EFF2F9EA3469}.All|Any CPU.Build.0 = Release|Any CPU
		{822F72FD-4887-41FF-8F99-EFF2F9EA3469}.All|x64.ActiveCfg = Debug|x64
		{822F72FD-4887-41FF-8F99-EFF2F9EA3469}.All|x64.Build.0 = Debug|x64
		{822F72FD-4887-41FF-8F99-EFF2F9EA3469}.All|x86.ActiveCfg = Debug|Any CPU
		{822F72FD-4887-41FF-8F99-EFF2F9EA3469}.All|x86.Build.0 = Debug|Any CPU
		{822F72FD-4887-41FF-8F99-EFF2F9EA3469}.Debug|Any CPU.ActiveCfg = Debug|Any CPU
		{822F72FD-4887-41FF-8F99-EFF2F9EA3469}.Debug|Any CPU.Build.0 = Debug|Any CPU
		{822F72FD-4887-41FF-8F99-EFF2F9EA3469}.Debug|x64.ActiveCfg = Debug|x64
		{822F72FD-4887-41FF-8F99-EFF2F9EA3469}.Debug|x64.Build.0 = Debug|x64
		{822F72FD-4887-41FF-8F99-EFF2F9EA3469}.Debug|x86.ActiveCfg = Debug|Any CPU
		{822F72FD-4887-41FF-8F99-EFF2F9EA3469}.Debug|x86.Build.0 = Debug|Any CPU
		{822F72FD-4887-41FF-8F99-EFF2F9EA3469}.DefaultBuild|Any CPU.ActiveCfg = Debug|Any CPU
		{822F72FD-4887-41FF-8F99-EFF2F9EA3469}.DefaultBuild|Any CPU.Build.0 = Debug|Any CPU
		{822F72FD-4887-41FF-8F99-EFF2F9EA3469}.DefaultBuild|x64.ActiveCfg = Debug|x64
		{822F72FD-4887-41FF-8F99-EFF2F9EA3469}.DefaultBuild|x64.Build.0 = Debug|x64
		{822F72FD-4887-41FF-8F99-EFF2F9EA3469}.DefaultBuild|x86.ActiveCfg = Debug|Any CPU
		{822F72FD-4887-41FF-8F99-EFF2F9EA3469}.DefaultBuild|x86.Build.0 = Debug|Any CPU
		{822F72FD-4887-41FF-8F99-EFF2F9EA3469}.Release|Any CPU.ActiveCfg = Release|Any CPU
		{822F72FD-4887-41FF-8F99-EFF2F9EA3469}.Release|Any CPU.Build.0 = Release|Any CPU
		{822F72FD-4887-41FF-8F99-EFF2F9EA3469}.Release|x64.ActiveCfg = Release|x64
		{822F72FD-4887-41FF-8F99-EFF2F9EA3469}.Release|x64.Build.0 = Release|x64
		{822F72FD-4887-41FF-8F99-EFF2F9EA3469}.Release|x86.ActiveCfg = Release|Any CPU
		{822F72FD-4887-41FF-8F99-EFF2F9EA3469}.Release|x86.Build.0 = Release|Any CPU
		{710EDFE4-929B-45A7-B1B9-A5EA94E4A5D9}.All|Any CPU.ActiveCfg = Release|Any CPU
		{710EDFE4-929B-45A7-B1B9-A5EA94E4A5D9}.All|Any CPU.Build.0 = Release|Any CPU
		{710EDFE4-929B-45A7-B1B9-A5EA94E4A5D9}.All|x64.ActiveCfg = Debug|x64
		{710EDFE4-929B-45A7-B1B9-A5EA94E4A5D9}.All|x64.Build.0 = Debug|x64
		{710EDFE4-929B-45A7-B1B9-A5EA94E4A5D9}.All|x86.ActiveCfg = Debug|Any CPU
		{710EDFE4-929B-45A7-B1B9-A5EA94E4A5D9}.All|x86.Build.0 = Debug|Any CPU
		{710EDFE4-929B-45A7-B1B9-A5EA94E4A5D9}.Debug|Any CPU.ActiveCfg = Debug|Any CPU
		{710EDFE4-929B-45A7-B1B9-A5EA94E4A5D9}.Debug|Any CPU.Build.0 = Debug|Any CPU
		{710EDFE4-929B-45A7-B1B9-A5EA94E4A5D9}.Debug|x64.ActiveCfg = Debug|x64
		{710EDFE4-929B-45A7-B1B9-A5EA94E4A5D9}.Debug|x64.Build.0 = Debug|x64
		{710EDFE4-929B-45A7-B1B9-A5EA94E4A5D9}.Debug|x86.ActiveCfg = Debug|Any CPU
		{710EDFE4-929B-45A7-B1B9-A5EA94E4A5D9}.Debug|x86.Build.0 = Debug|Any CPU
		{710EDFE4-929B-45A7-B1B9-A5EA94E4A5D9}.DefaultBuild|Any CPU.ActiveCfg = Debug|Any CPU
		{710EDFE4-929B-45A7-B1B9-A5EA94E4A5D9}.DefaultBuild|Any CPU.Build.0 = Debug|Any CPU
		{710EDFE4-929B-45A7-B1B9-A5EA94E4A5D9}.DefaultBuild|x64.ActiveCfg = Debug|x64
		{710EDFE4-929B-45A7-B1B9-A5EA94E4A5D9}.DefaultBuild|x64.Build.0 = Debug|x64
		{710EDFE4-929B-45A7-B1B9-A5EA94E4A5D9}.DefaultBuild|x86.ActiveCfg = Debug|Any CPU
		{710EDFE4-929B-45A7-B1B9-A5EA94E4A5D9}.DefaultBuild|x86.Build.0 = Debug|Any CPU
		{710EDFE4-929B-45A7-B1B9-A5EA94E4A5D9}.Release|Any CPU.ActiveCfg = Release|Any CPU
		{710EDFE4-929B-45A7-B1B9-A5EA94E4A5D9}.Release|Any CPU.Build.0 = Release|Any CPU
		{710EDFE4-929B-45A7-B1B9-A5EA94E4A5D9}.Release|x64.ActiveCfg = Release|x64
		{710EDFE4-929B-45A7-B1B9-A5EA94E4A5D9}.Release|x64.Build.0 = Release|x64
		{710EDFE4-929B-45A7-B1B9-A5EA94E4A5D9}.Release|x86.ActiveCfg = Release|Any CPU
		{710EDFE4-929B-45A7-B1B9-A5EA94E4A5D9}.Release|x86.Build.0 = Release|Any CPU
		{E57455A0-5060-4985-87B3-980E78AB8950}.All|Any CPU.ActiveCfg = Debug|x86
		{E57455A0-5060-4985-87B3-980E78AB8950}.All|Any CPU.Build.0 = Debug|x86
		{E57455A0-5060-4985-87B3-980E78AB8950}.All|x64.ActiveCfg = Debug|x86
		{E57455A0-5060-4985-87B3-980E78AB8950}.All|x64.Build.0 = Debug|x86
		{E57455A0-5060-4985-87B3-980E78AB8950}.All|x86.ActiveCfg = Debug|x86
		{E57455A0-5060-4985-87B3-980E78AB8950}.All|x86.Build.0 = Debug|x86
		{E57455A0-5060-4985-87B3-980E78AB8950}.Debug|Any CPU.ActiveCfg = Debug|x86
		{E57455A0-5060-4985-87B3-980E78AB8950}.Debug|x64.ActiveCfg = Debug|x86
		{E57455A0-5060-4985-87B3-980E78AB8950}.Debug|x86.ActiveCfg = Debug|x86
		{E57455A0-5060-4985-87B3-980E78AB8950}.Debug|x86.Build.0 = Debug|x86
		{E57455A0-5060-4985-87B3-980E78AB8950}.DefaultBuild|Any CPU.ActiveCfg = Debug|x86
		{E57455A0-5060-4985-87B3-980E78AB8950}.DefaultBuild|Any CPU.Build.0 = Debug|x86
		{E57455A0-5060-4985-87B3-980E78AB8950}.DefaultBuild|x64.ActiveCfg = Debug|x86
		{E57455A0-5060-4985-87B3-980E78AB8950}.DefaultBuild|x64.Build.0 = Debug|x86
		{E57455A0-5060-4985-87B3-980E78AB8950}.DefaultBuild|x86.ActiveCfg = Debug|x86
		{E57455A0-5060-4985-87B3-980E78AB8950}.DefaultBuild|x86.Build.0 = Debug|x86
		{E57455A0-5060-4985-87B3-980E78AB8950}.Release|Any CPU.ActiveCfg = Release|x86
		{E57455A0-5060-4985-87B3-980E78AB8950}.Release|x64.ActiveCfg = Release|x86
		{E57455A0-5060-4985-87B3-980E78AB8950}.Release|x86.ActiveCfg = Release|x86
		{E57455A0-5060-4985-87B3-980E78AB8950}.Release|x86.Build.0 = Release|x86
	EndGlobalSection
	GlobalSection(SolutionProperties) = preSolution
		HideSolutionNode = FALSE
	EndGlobalSection
	GlobalSection(ExtensibilityGlobals) = postSolution
		SolutionGuid = {BFF9DE84-0C5E-46EC-BD98-C7F1E3679340}
	EndGlobalSection
EndGlobal
